PODS:
  - AAPhotoCircleCrop (1.3.0)
  - Alamofire (4.7.2)
  - Bolts (1.9.0):
    - Bolts/AppLinks (= 1.9.0)
    - Bolts/Tasks (= 1.9.0)
  - Bolts/AppLinks (1.9.0):
    - Bolts/Tasks
  - Bolts/Tasks (1.9.0)
  - FBSDKCoreKit (4.24.0):
    - Bolts (~> 1.7)
  - FBSDKLoginKit (4.24.0):
    - FBSDKCoreKit
  - FBSDKShareKit (4.24.0):
    - FBSDKCoreKit
  - Firebase/Auth (4.13.0):
    - Firebase/Core
    - FirebaseAuth (= 4.6.1)
  - Firebase/Core (4.13.0):
    - FirebaseAnalytics (= 4.2.0)
    - FirebaseCore (= 4.0.20)
  - Firebase/Database (4.13.0):
    - Firebase/Core
    - FirebaseDatabase (= 4.1.5)
  - Firebase/DynamicLinks (4.13.0):
    - Firebase/Core
    - FirebaseDynamicLinks (= 2.3.2)
  - Firebase/Messaging (4.13.0):
    - Firebase/Core
    - FirebaseMessaging (= 2.2.0)
  - Firebase/Storage (4.13.0):
    - Firebase/Core
    - FirebaseStorage (= 2.2.0)
  - FirebaseAnalytics (4.2.0):
    - FirebaseCore (~> 4.0)
    - FirebaseInstanceID (~> 2.0)
    - "GoogleToolboxForMac/NSData+zlib (~> 2.1)"
    - nanopb (~> 0.3)
  - FirebaseAuth (4.6.1):
    - FirebaseAnalytics (~> 4.2)
    - "GoogleToolboxForMac/NSDictionary+URLArguments (~> 2.1)"
    - GTMSessionFetcher/Core (~> 1.1)
  - FirebaseCore (4.0.20):
    - "GoogleToolboxForMac/NSData+zlib (~> 2.1)"
  - FirebaseDatabase (4.1.5):
    - FirebaseAnalytics (~> 4.1)
    - FirebaseCore (~> 4.0)
    - leveldb-library (~> 1.18)
  - FirebaseDynamicLinks (2.3.2):
    - FirebaseAnalytics (~> 4.0)
  - FirebaseInstanceID (2.0.10):
    - FirebaseCore (~> 4.0)
  - FirebaseMessaging (2.2.0):
    - FirebaseAnalytics (~> 4.1)
    - FirebaseCore (~> 4.0)
    - FirebaseInstanceID (~> 2.0)
    - GoogleToolboxForMac/Logger (~> 2.1)
    - Protobuf (~> 3.5)
  - FirebaseStorage (2.2.0):
    - FirebaseAnalytics (~> 4.1)
    - FirebaseCore (~> 4.0)
    - GTMSessionFetcher/Core (~> 1.1)
  - GeoFire (2.0.1):
    - Firebase/Database (~> 4.0)
  - GoogleToolboxForMac/DebugUtils (2.1.4):
    - GoogleToolboxForMac/Defines (= 2.1.4)
  - GoogleToolboxForMac/Defines (2.1.4)
  - GoogleToolboxForMac/Logger (2.1.4):
    - GoogleToolboxForMac/Defines (= 2.1.4)
  - "GoogleToolboxForMac/NSData+zlib (2.1.4)":
    - GoogleToolboxForMac/Defines (= 2.1.4)
  - "GoogleToolboxForMac/NSDictionary+URLArguments (2.1.4)":
    - GoogleToolboxForMac/DebugUtils (= 2.1.4)
    - GoogleToolboxForMac/Defines (= 2.1.4)
    - "GoogleToolboxForMac/NSString+URLArguments (= 2.1.4)"
  - "GoogleToolboxForMac/NSString+URLArguments (2.1.4)"
  - GTMSessionFetcher/Core (1.1.15)
  - leveldb-library (1.20)
  - nanopb (0.3.8):
    - nanopb/decode (= 0.3.8)
    - nanopb/encode (= 0.3.8)
  - nanopb/decode (0.3.8)
  - nanopb/encode (0.3.8)
  - Protobuf (3.5.0)
  - SnapKit (4.0.0)
  - Socket.IO-Client-Swift (13.1.3):
    - Starscream (~> 3.0.2)
  - Starscream (3.0.5)
  - Stripe (13.0.1)
  - SwiftKeychainWrapper (3.0.1)
  - TwilioVideo (2.0.0-beta3)

DEPENDENCIES:
  - AAPhotoCircleCrop
  - Alamofire (~> 4.5)
  - FBSDKCoreKit (= 4.24.0)
  - FBSDKLoginKit (= 4.24.0)
  - FBSDKShareKit (= 4.24.0)
  - Firebase/Auth
  - Firebase/Core
  - Firebase/Database
  - Firebase/DynamicLinks
  - Firebase/Messaging
  - Firebase/Storage
  - GeoFire (from `https://github.com/firebase/geofire-objc.git`)
  - SnapKit
  - Socket.IO-Client-Swift (~> 13.1.0)
  - Stripe
  - SwiftKeychainWrapper
  - TwilioVideo (= 2.0.0-beta3)

SPEC REPOS:
  https://github.com/cocoapods/specs.git:
    - AAPhotoCircleCrop
    - Alamofire
    - Bolts
    - FBSDKCoreKit
    - FBSDKLoginKit
    - FBSDKShareKit
    - Firebase
    - FirebaseAnalytics
    - FirebaseAuth
    - FirebaseCore
    - FirebaseDatabase
    - FirebaseDynamicLinks
    - FirebaseInstanceID
    - FirebaseMessaging
    - FirebaseStorage
    - GoogleToolboxForMac
    - GTMSessionFetcher
    - leveldb-library
    - nanopb
    - Protobuf
    - SnapKit
    - Socket.IO-Client-Swift
    - Starscream
    - Stripe
    - SwiftKeychainWrapper
    - TwilioVideo

EXTERNAL SOURCES:
  GeoFire:
    :git: https://github.com/firebase/geofire-objc.git

CHECKOUT OPTIONS:
  GeoFire:
    :commit: dc408bcd4268cc5ec8831cda0000c23863767d42
    :git: https://github.com/firebase/geofire-objc.git

SPEC CHECKSUMS:
  AAPhotoCircleCrop: 9ad008dbe3f86c61032b0888f01a95055c346c20
  Alamofire: e4fa87002c137ba2d8d634d2c51fabcda0d5c223
  Bolts: ac6567323eac61e203f6a9763667d0f711be34c8
  FBSDKCoreKit: f8c9eb0dd34a9cd277c7b60da4b32226d142502d
  FBSDKLoginKit: 1214c6d5a1c4995b694d8db8a9ba6910c6028acf
  FBSDKShareKit: a2ed9d7781a4eda9ac20d7404305e795b10251ac
  Firebase: 5ec5e863d269d82d66b4bf56856726f8fb8f0fb3
  FirebaseAnalytics: 7ef69e76a5142f643aeb47c780e1cdce4e23632e
  FirebaseAuth: bf22cacf22c60ab454bf2636f556d8892b10b53f
  FirebaseCore: 90cb1c53d69b556f112a1bf72b5fcfaad7650790
  FirebaseDatabase: 5f0bc6134c5c237cf55f9e1249d406770a75eafd
  FirebaseDynamicLinks: 38b68641d24e78d0277a9205d988ce22875d5a25
  FirebaseInstanceID: 8d20d890d65c917f9f7d9950b6e10a760ad34321
  FirebaseMessaging: 75cdb862e86c30e0913a2ff307e48d49357c5b73
  FirebaseStorage: 0c223481c8f89ed300cf1239ddd2d9833622c65f
  GeoFire: 3e70a24019dc16816190f533c9cac0d1321c4a71
  GoogleToolboxForMac: 91c824d21e85b31c2aae9bb011c5027c9b4e738f
  GTMSessionFetcher: 5fa5b80fd20e439ef5f545fb2cb3ca6c6714caa2
  leveldb-library: 08cba283675b7ed2d99629a4bc5fd052cd2bb6a5
  nanopb: 5601e6bca2dbf1ed831b519092ec110f66982ca3
  Protobuf: 8a9838fba8dae3389230e1b7f8c104aa32389c03
  SnapKit: a42d492c16e80209130a3379f73596c3454b7694
  Socket.IO-Client-Swift: d30d6fd08a38ad2a182b090936a043bf512ab2de
  Starscream: faf918b2f2eff7d5dd21180646bf015a669673bd
  Stripe: b3c69e4a269d5ae707916a090ee54b1f6011ccd9
  SwiftKeychainWrapper: 38952a3636320ae61bad3513cadd870929de7a4a
  TwilioVideo: 08cada2c04a7a908655fd80a1423a9c762344625

PODFILE CHECKSUM: bdd056cf64548c8dcf6f55b3a74be0ab76837772

COCOAPODS: 1.5.2
