PODS:
  - AccountKit (4.35.0)
  - Alamofire (4.8.1)
  - Bolts (1.9.0):
    - Bolts/AppLinks (= 1.9.0)
    - Bolts/Tasks (= 1.9.0)
  - Bolts/AppLinks (1.9.0):
    - Bolts/Tasks
  - Bolts/Tasks (1.9.0)
  - Cache (5.2.0)
  - Charts (3.2.2):
    - Charts/Core (= 3.2.2)
  - Charts/Core (3.2.2)
  - Crashlytics (3.12.0):
    - Fabric (~> 1.9.0)
  - Fabric (1.9.0)
  - FacebookCore (0.5.0):
    - Bolts (~> 1.9)
    - FBSDKCoreKit (~> 4.37)
  - FacebookLogin (0.5.0):
    - Bolts (~> 1.9)
    - FacebookCore (~> 0.5)
    - FBSDKCoreKit (~> 4.37)
    - FBSDKLoginKit (~> 4.37)
  - FBSDKCoreKit (4.42.0):
    - Bolts (~> 1.9)
  - FBSDKLoginKit (4.42.0):
    - FBSDKCoreKit
  - Firebase/Auth (5.19.0):
    - Firebase/CoreOnly
    - FirebaseAuth (= 5.4.1)
  - Firebase/Core (5.19.0):
    - Firebase/CoreOnly
    - FirebaseAnalytics (= 5.8.0)
  - Firebase/CoreOnly (5.19.0):
    - FirebaseCore (= 5.4.0)
  - Firebase/Database (5.19.0):
    - Firebase/CoreOnly
    - FirebaseDatabase (= 5.1.1)
  - Firebase/DynamicLinks (5.19.0):
    - Firebase/CoreOnly
    - FirebaseDynamicLinks (= 3.4.2)
  - Firebase/Messaging (5.19.0):
    - Firebase/CoreOnly
    - FirebaseMessaging (= 3.4.0)
  - Firebase/Performance (5.19.0):
    - Firebase/Core
    - FirebasePerformance (= 2.2.4)
  - Firebase/Storage (5.19.0):
    - Firebase/CoreOnly
    - FirebaseStorage (= 3.1.1)
  - FirebaseABTesting (2.0.0):
    - FirebaseCore (~> 5.0)
    - Protobuf (~> 3.5)
  - FirebaseAnalytics (5.8.0):
    - FirebaseCore (~> 5.4)
    - FirebaseInstanceID (~> 3.8)
    - GoogleAppMeasurement (= 5.8.0)
    - GoogleUtilities/AppDelegateSwizzler (~> 5.2)
    - GoogleUtilities/MethodSwizzler (~> 5.2)
    - GoogleUtilities/Network (~> 5.2)
    - "GoogleUtilities/NSData+zlib (~> 5.2)"
    - nanopb (~> 0.3)
  - FirebaseAnalyticsInterop (1.2.0)
  - FirebaseAuth (5.4.1):
    - FirebaseAuthInterop (~> 1.0)
    - FirebaseCore (~> 5.2)
    - GoogleUtilities/Environment (~> 5.2)
    - GTMSessionFetcher/Core (~> 1.1)
  - FirebaseAuthInterop (1.0.0)
  - FirebaseCore (5.4.0):
    - GoogleUtilities/Environment (~> 5.2)
    - GoogleUtilities/Logger (~> 5.2)
  - FirebaseDatabase (5.1.1):
    - FirebaseAuthInterop (~> 1.0)
    - FirebaseCore (~> 5.2)
    - leveldb-library (~> 1.18)
  - FirebaseDynamicLinks (3.4.2):
    - FirebaseAnalytics (~> 5.1)
    - FirebaseAnalyticsInterop (~> 1.0)
    - FirebaseCore (~> 5.2)
  - FirebaseInstanceID (3.8.0):
    - FirebaseCore (~> 5.2)
    - GoogleUtilities/Environment (~> 5.2)
    - GoogleUtilities/UserDefaults (~> 5.2)
  - FirebaseMessaging (3.4.0):
    - FirebaseAnalyticsInterop (~> 1.1)
    - FirebaseCore (~> 5.2)
    - FirebaseInstanceID (~> 3.6)
    - GoogleUtilities/Environment (~> 5.3)
    - GoogleUtilities/Reachability (~> 5.3)
    - GoogleUtilities/UserDefaults (~> 5.3)
    - Protobuf (~> 3.1)
  - FirebasePerformance (2.2.4):
    - FirebaseAnalytics (~> 5.8)
    - FirebaseInstanceID (~> 3.8)
    - FirebaseRemoteConfig (~> 3.1)
    - GoogleToolboxForMac/Logger (~> 2.1)
    - "GoogleToolboxForMac/NSData+zlib (~> 2.1)"
    - GoogleUtilities/ISASwizzler (~> 5.2)
    - GoogleUtilities/MethodSwizzler (~> 5.2)
    - GTMSessionFetcher/Core (~> 1.1)
    - Protobuf (~> 3.5)
  - FirebaseRemoteConfig (3.1.0):
    - FirebaseABTesting (~> 2.0)
    - FirebaseAnalytics (~> 5.3)
    - FirebaseCore (~> 5.1)
    - FirebaseInstanceID (~> 3.3)
    - GoogleUtilities/Environment (~> 5.2)
    - "GoogleUtilities/NSData+zlib (~> 5.2)"
    - Protobuf (~> 3.5)
  - FirebaseStorage (3.1.1):
    - FirebaseAuthInterop (~> 1.0)
    - FirebaseCore (~> 5.2)
    - GTMSessionFetcher/Core (~> 1.1)
  - FirebaseUI/Storage (6.2.1):
    - Firebase/Storage (~> 5.0)
    - SDWebImage (~> 4.0)
  - GeoFire (3.0.0):
    - Firebase/Database (~> 5.0)
  - GoogleAnalytics (3.17.0)
  - GoogleAppMeasurement (5.8.0):
    - GoogleUtilities/AppDelegateSwizzler (~> 5.2)
    - GoogleUtilities/MethodSwizzler (~> 5.2)
    - GoogleUtilities/Network (~> 5.2)
    - "GoogleUtilities/NSData+zlib (~> 5.2)"
    - nanopb (~> 0.3)
  - GoogleToolboxForMac/Defines (2.2.0)
  - GoogleToolboxForMac/Logger (2.2.0):
    - GoogleToolboxForMac/Defines (= 2.2.0)
  - "GoogleToolboxForMac/NSData+zlib (2.2.0)":
    - GoogleToolboxForMac/Defines (= 2.2.0)
  - GoogleUtilities/AppDelegateSwizzler (5.5.0):
    - GoogleUtilities/Environment
    - GoogleUtilities/Logger
    - GoogleUtilities/Network
  - GoogleUtilities/Environment (5.5.0)
  - GoogleUtilities/ISASwizzler (5.5.0)
  - GoogleUtilities/Logger (5.5.0):
    - GoogleUtilities/Environment
  - GoogleUtilities/MethodSwizzler (5.5.0):
    - GoogleUtilities/Logger
  - GoogleUtilities/Network (5.5.0):
    - GoogleUtilities/Logger
    - "GoogleUtilities/NSData+zlib"
    - GoogleUtilities/Reachability
  - "GoogleUtilities/NSData+zlib (5.5.0)"
  - GoogleUtilities/Reachability (5.5.0):
    - GoogleUtilities/Logger
  - GoogleUtilities/UserDefaults (5.5.0):
    - GoogleUtilities/Logger
  - GTMSessionFetcher/Core (1.2.1)
  - Imaginary (4.2.0):
    - Cache (~> 5.0)
  - IQKeyboardManager (6.2.0)
  - leveldb-library (1.20)
  - lottie-ios (2.5.3)
  - nanopb (0.3.901):
    - nanopb/decode (= 0.3.901)
    - nanopb/encode (= 0.3.901)
  - nanopb/decode (0.3.901)
  - nanopb/encode (0.3.901)
  - PlaceholderTextView (0.3.0)
  - Protobuf (3.7.0)
  - SDWebImage (4.4.6):
    - SDWebImage/Core (= 4.4.6)
  - SDWebImage/Core (4.4.6)
  - SnapKit (4.0.1)
  - Socket.IO-Client-Swift (13.1.3):
    - Starscream (~> 3.0.2)
  - Starscream (3.0.6)
  - Stripe (15.0.0)
  - SwiftKeychainWrapper (3.2.0)
  - SwiftyJSON (4.2.0)
  - SwipeCellKit (2.5.2)
  - TwilioVideo (2.8.1)

DEPENDENCIES:
  - AccountKit
  - Alamofire (~> 4.5)
  - Charts (~> 3.2.1)
  - Crashlytics
  - Fabric
  - FacebookCore
  - FacebookLogin
  - Firebase/Auth
  - Firebase/Core
  - Firebase/Database
  - Firebase/DynamicLinks
  - Firebase/Messaging
  - Firebase/Performance
  - Firebase/Storage
  - FirebaseUI/Storage
  - GeoFire (from `https://github.com/firebase/geofire-objc.git`)
  - GoogleAnalytics
  - Imaginary
  - IQKeyboardManager
  - lottie-ios (~> 2.5.3)
  - PlaceholderTextView
  - SDWebImage
  - SnapKit (~> 4.0.1)
  - Socket.IO-Client-Swift (~> 13.1.0)
  - Stripe
  - SwiftKeychainWrapper
  - SwiftyJSON
  - SwipeCellKit
  - TwilioVideo

SPEC REPOS:
  https://github.com/cocoapods/specs.git:
    - AccountKit
    - Alamofire
    - Bolts
    - Cache
    - Charts
    - Crashlytics
    - Fabric
    - FacebookCore
    - FacebookLogin
    - FBSDKCoreKit
    - FBSDKLoginKit
    - Firebase
    - FirebaseABTesting
    - FirebaseAnalytics
    - FirebaseAnalyticsInterop
    - FirebaseAuth
    - FirebaseAuthInterop
    - FirebaseCore
    - FirebaseDatabase
    - FirebaseDynamicLinks
    - FirebaseInstanceID
    - FirebaseMessaging
    - FirebasePerformance
    - FirebaseRemoteConfig
    - FirebaseStorage
    - FirebaseUI
    - GoogleAnalytics
    - GoogleAppMeasurement
    - GoogleToolboxForMac
    - GoogleUtilities
    - GTMSessionFetcher
    - Imaginary
    - IQKeyboardManager
    - leveldb-library
    - lottie-ios
    - nanopb
    - PlaceholderTextView
    - Protobuf
    - SDWebImage
    - SnapKit
    - Socket.IO-Client-Swift
    - Starscream
    - Stripe
    - SwiftKeychainWrapper
    - SwiftyJSON
    - SwipeCellKit
    - TwilioVideo

EXTERNAL SOURCES:
  GeoFire:
    :git: https://github.com/firebase/geofire-objc.git

CHECKOUT OPTIONS:
  GeoFire:
    :commit: 95a0bf39b1bcc87685dc7aba3caf4e23d9600c30
    :git: https://github.com/firebase/geofire-objc.git

SPEC CHECKSUMS:
  AccountKit: 870ccaf5d33facda9408783e28fbe68c5211e069
  Alamofire: 16ce2c353fb72865124ddae8a57c5942388f4f11
  Bolts: ac6567323eac61e203f6a9763667d0f711be34c8
  Cache: 807c5d86d01a177f06ede9865add3aea269bbfd4
  Charts: f69cf0518b6d1d62608ca504248f1bbe0b6ae77e
  Crashlytics: 07fb167b1694128c1c9a5a5cc319b0e9c3ca0933
  Fabric: f988e33c97f08930a413e08123064d2e5f68d655
  FacebookCore: 74288d0add931d361b1596beae787ab72c438249
  FacebookLogin: ebcf34714a1cb9f0759d9f071cfb01ed500996cf
  FBSDKCoreKit: aa42f1c384775f8b075f53a43080474278e9701d
  FBSDKLoginKit: 373830c68aa48c9e8f0bfed93a3e32d2ca8963a0
  Firebase: c60d49e9c2630875a96207d15e2affb8364996d1
  FirebaseABTesting: 1f50b8d50f5e3469eea54e7463a7b7fe221d1f5e
  FirebaseAnalytics: fd72a26bf8dac84cefba2f0864366f718555a5b0
  FirebaseAnalyticsInterop: efbe45c8385ec626e29f9525e5ebd38520dfb6c1
  FirebaseAuth: cbb892a66baed025efc179372598941252acf853
  FirebaseAuthInterop: 0ffa57668be100582bb7643d4fcb7615496c41fc
  FirebaseCore: 22a79a961c3951ef2f77b67bfbc99e454247b319
  FirebaseDatabase: 2c15b0ea6f2c6eb5e57413f9d6340f1e50b81ae3
  FirebaseDynamicLinks: 29dd0deb458bfb8f845349f8b0b7e90af20758c6
  FirebaseInstanceID: cf488df2f4b79782f0e430b04a0e17c0aa7979b2
  FirebaseMessaging: 2d53d08d752fbe63ce0820428d70be5ab87c11fb
  FirebasePerformance: 25ecee2a260bcf398d7f32d6f4804438df953100
  FirebaseRemoteConfig: 7e11c65f0769c09bff6947997c209515058c5318
  FirebaseStorage: 6162ef4322502b818d9de0ec552f5226d283de43
  FirebaseUI: c9e227a7d44e2e422a461cb3f4ead8dc5c7326e6
  GeoFire: e3ae6f4be3f2466c3467ef6c1c203db3af935c59
  GoogleAnalytics: f42cc53a87a51fe94334821868d9c8481ff47a7b
  GoogleAppMeasurement: 1624046ab1bcc5e170061a56ef5679000b079c8e
  GoogleToolboxForMac: ff31605b7d66400dcec09bed5861689aebadda4d
  GoogleUtilities: 6481e6318c5fcabaaa8513ef8120f329055d7c10
  GTMSessionFetcher: 32aeca0aa144acea523e1c8e053089dec2cb98ca
  Imaginary: dae33d06dbc2ada22f98afef5eb45cc061311a2c
  IQKeyboardManager: 6194101620b73af5e67900b8f89707a99de0b804
  leveldb-library: 08cba283675b7ed2d99629a4bc5fd052cd2bb6a5
  lottie-ios: a50d5c0160425cd4b01b852bb9578963e6d92d31
  nanopb: 2901f78ea1b7b4015c860c2fdd1ea2fee1a18d48
  PlaceholderTextView: ffca9f176be00ab3090e2191e6908dabf3dbdada
  Protobuf: 7a877b7f3e5964e3fce995e2eb323dbc6831bb5a
  SDWebImage: 3f3f0c02f09798048c47a5ed0a13f17b063572d8
  SnapKit: 0de968a9fec17499afa29683b05d0c775b6d1c29
  Socket.IO-Client-Swift: d30d6fd08a38ad2a182b090936a043bf512ab2de
  Starscream: ef3ece99d765eeccb67de105bfa143f929026cf5
  Stripe: 312b22a67af9fa55c246d26148b3f3a9636a0ff2
  SwiftKeychainWrapper: 82c4c02cdc36f9a24f7edfcaab3e336401caa1a1
  SwiftyJSON: c4bcba26dd9ec7a027fc8eade48e2c911f229e96
  SwipeCellKit: a19e328c69c4ba983f317eeabf36ed299c69bfa4
  TwilioVideo: 482bbbb23807e424e00500c367fea3656e136d61

PODFILE CHECKSUM: 8055085979aea6edc853907dec60e79d7c93102f

COCOAPODS: 1.5.3
